
Microsoft Visual Studio Solution File, Format Version 12.00
# Visual Studio 2013
VisualStudioVersion = 12.0.21005.1
MinimumVisualStudioVersion = 10.0.40219.1
Project("{FAE04EC0-301F-11D3-BF4B-00C04F79EFBC}") = "Unit Tests", "Unit Tests\Unit Tests.csproj", "{0F957708-3B46-4FC5-BAF5-7AE7A038917F}"
EndProject
Project("{FAE04EC0-301F-11D3-BF4B-00C04F79EFBC}") = "NamedFormatString", "NamedFormatString\NamedFormatString.csproj", "{A17E7163-53A5-43AB-A20B-1BBFDE0BD958}"
EndProject
Global
	GlobalSection(SolutionConfigurationPlatforms) = preSolution
		Debug|Any CPU = Debug|Any CPU
		Release|Any CPU = Release|Any CPU
	EndGlobalSection
	GlobalSection(ProjectConfigurationPlatforms) = postSolution
		{0F957708-3B46-4FC5-BAF5-7AE7A038917F}.Debug|Any CPU.ActiveCfg = Debug|Any CPU
		{0F957708-3B46-4FC5-BAF5-7AE7A038917F}.Debug|Any CPU.Build.0 = Debug|Any CPU
		{0F957708-3B46-4FC5-BAF5-7AE7A038917F}.Release|Any CPU.ActiveCfg = Release|Any CPU
		{0F957708-3B46-4FC5-BAF5-7AE7A038917F}.Release|Any CPU.Build.0 = Release|Any CPU
		{A17E7163-53A5-43AB-A20B-1BBFDE0BD958}.Debug|Any CPU.ActiveCfg = Debug|Any CPU
		{A17E7163-53A5-43AB-A20B-1BBFDE0BD958}.Debug|Any CPU.Build.0 = Debug|Any CPU
		{A17E7163-53A5-43AB-A20B-1BBFDE0BD958}.Release|Any CPU.ActiveCfg = Release|Any CPU
		{A17E7163-53A5-43AB-A20B-1BBFDE0BD958}.Release|Any CPU.Build.0 = Release|Any CPU
	EndGlobalSection
	GlobalSection(SolutionProperties) = preSolution
		HideSolutionNode = FALSE
	EndGlobalSection
EndGlobal
